
Microsoft Visual Studio Solution File, Format Version 12.00
# Visual Studio Version 17
VisualStudioVersion = 17.2.32630.192
MinimumVisualStudioVersion = 10.0.40219.1
Project("{9A19103F-16F7-4668-BE54-9A1E7A4F7556}") = "FileAbstraction", "FileAbstraction\FileAbstraction.csproj", "{D1A2ED95-5E08-423D-A84D-AF855ADD5AA4}"
EndProject
Project("{9A19103F-16F7-4668-BE54-9A1E7A4F7556}") = "FileAbstractionDemo", "FileAbstractionDemo\FileAbstractionDemo.csproj", "{A4AF7F94-7029-48FB-B961-B370EE382EC8}"
EndProject
Global
	GlobalSection(SolutionConfigurationPlatforms) = preSolution
		Debug|Any CPU = Debug|Any CPU
		Release|Any CPU = Release|Any CPU
	EndGlobalSection
	GlobalSection(ProjectConfigurationPlatforms) = postSolution
		{D1A2ED95-5E08-423D-A84D-AF855ADD5AA4}.Debug|Any CPU.ActiveCfg = Debug|Any CPU
		{D1A2ED95-5E08-423D-A84D-AF855ADD5AA4}.Debug|Any CPU.Build.0 = Debug|Any CPU
		{D1A2ED95-5E08-423D-A84D-AF855ADD5AA4}.Release|Any CPU.ActiveCfg = Release|Any CPU
		{D1A2ED95-5E08-423D-A84D-AF855ADD5AA4}.Release|Any CPU.Build.0 = Release|Any CPU
		{A4AF7F94-7029-48FB-B961-B370EE382EC8}.Debug|Any CPU.ActiveCfg = Debug|Any CPU
		{A4AF7F94-7029-48FB-B961-B370EE382EC8}.Debug|Any CPU.Build.0 = Debug|Any CPU
		{A4AF7F94-7029-48FB-B961-B370EE382EC8}.Release|Any CPU.ActiveCfg = Release|Any CPU
		{A4AF7F94-7029-48FB-B961-B370EE382EC8}.Release|Any CPU.Build.0 = Release|Any CPU
	EndGlobalSection
	GlobalSection(SolutionProperties) = preSolution
		HideSolutionNode = FALSE
	EndGlobalSection
	GlobalSection(ExtensibilityGlobals) = postSolution
		SolutionGuid = {D92C2DF4-358A-40B9-96F1-A5976F1E3390}
	EndGlobalSection
EndGlobal
